
Microsoft Visual Studio Solution File, Format Version 12.00
# Visual Studio Version 17
VisualStudioVersion = 17.14.36429.23 d17.14
MinimumVisualStudioVersion = 10.0.40219.1
Project("{FAE04EC0-301F-11D3-BF4B-00C04F79EFBC}") = "LecEx", "LecEx\LecEx.csproj", "{00581D9E-07CD-4576-BDE0-4C85A2721153}"
EndProject
Global
	GlobalSection(SolutionConfigurationPlatforms) = preSolution
		Debug|Any CPU = Debug|Any CPU
		Release|Any CPU = Release|Any CPU
	EndGlobalSection
	GlobalSection(ProjectConfigurationPlatforms) = postSolution
		{00581D9E-07CD-4576-BDE0-4C85A2721153}.Debug|Any CPU.ActiveCfg = Debug|Any CPU
		{00581D9E-07CD-4576-BDE0-4C85A2721153}.Debug|Any CPU.Build.0 = Debug|Any CPU
		{00581D9E-07CD-4576-BDE0-4C85A2721153}.Release|Any CPU.ActiveCfg = Release|Any CPU
		{00581D9E-07CD-4576-BDE0-4C85A2721153}.Release|Any CPU.Build.0 = Release|Any CPU
	EndGlobalSection
	GlobalSection(SolutionProperties) = preSolution
		HideSolutionNode = FALSE
	EndGlobalSection
	GlobalSection(ExtensibilityGlobals) = postSolution
		SolutionGuid = {A07DB742-1BF2-4E43-B6D8-A8A7D0E2C648}
	EndGlobalSection
EndGlobal
