
Microsoft Visual Studio Solution File, Format Version 12.00
# Visual Studio Version 17
VisualStudioVersion = 17.14.36429.23 d17.14
MinimumVisualStudioVersion = 10.0.40219.1
Project("{FAE04EC0-301F-11D3-BF4B-00C04F79EFBC}") = "Common", "Common\Common.csproj", "{7F02B937-1069-4A2A-B9A6-7481C559FB8A}"
EndProject
Project("{FAE04EC0-301F-11D3-BF4B-00C04F79EFBC}") = "Demo", "Demo\Demo.csproj", "{33463BFE-040F-402F-A206-80E4DEE348EB}"
EndProject
Global
	GlobalSection(SolutionConfigurationPlatforms) = preSolution
		Debug|Any CPU = Debug|Any CPU
		Release|Any CPU = Release|Any CPU
	EndGlobalSection
	GlobalSection(ProjectConfigurationPlatforms) = postSolution
		{7F02B937-1069-4A2A-B9A6-7481C559FB8A}.Debug|Any CPU.ActiveCfg = Debug|Any CPU
		{7F02B937-1069-4A2A-B9A6-7481C559FB8A}.Debug|Any CPU.Build.0 = Debug|Any CPU
		{7F02B937-1069-4A2A-B9A6-7481C559FB8A}.Release|Any CPU.ActiveCfg = Release|Any CPU
		{7F02B937-1069-4A2A-B9A6-7481C559FB8A}.Release|Any CPU.Build.0 = Release|Any CPU
		{33463BFE-040F-402F-A206-80E4DEE348EB}.Debug|Any CPU.ActiveCfg = Debug|Any CPU
		{33463BFE-040F-402F-A206-80E4DEE348EB}.Debug|Any CPU.Build.0 = Debug|Any CPU
		{33463BFE-040F-402F-A206-80E4DEE348EB}.Release|Any CPU.ActiveCfg = Release|Any CPU
		{33463BFE-040F-402F-A206-80E4DEE348EB}.Release|Any CPU.Build.0 = Release|Any CPU
	EndGlobalSection
	GlobalSection(SolutionProperties) = preSolution
		HideSolutionNode = FALSE
	EndGlobalSection
	GlobalSection(ExtensibilityGlobals) = postSolution
		SolutionGuid = {DFF2806E-B2DF-4685-A042-CD092F51256E}
	EndGlobalSection
EndGlobal
